{
  "version": 4,
  "terraform_version": "1.9.2",
  "serial": 17,
  "lineage": "212e0bfe-0be5-2fd2-0552-b811ba78fd67",
  "outputs": {},
  "resources": [
    {
      "mode": "managed",
      "type": "azurerm_resource_group",
      "name": "aks_rg",
      "provider": "provider[\"registry.terraform.io/hashicorp/azurerm\"]",
      "instances": [
        {
          "schema_version": 0,
          "attributes": {
            "id": "/subscriptions/648dfb1f-869a-4ae6-8f5f-1f5d84c0fd45/resourceGroups/protectiondesdonnes-nprod",
            "location": "canadacentral",
            "managed_by": "",
            "name": "protectiondesdonnes-nprod",
            "tags": {},
            "timeouts": null
          },
          "sensitive_attributes": [],
          "private": "eyJlMmJmYjczMC1lY2FhLTExZTYtOGY4OC0zNDM2M2JjN2M0YzAiOnsiY3JlYXRlIjo1NDAwMDAwMDAwMDAwLCJkZWxldGUiOjU0MDAwMDAwMDAwMDAsInJlYWQiOjMwMDAwMDAwMDAwMCwidXBkYXRlIjo1NDAwMDAwMDAwMDAwfX0="
        }
      ]
    }
  ],
  "check_results": null
}
